{
  "meteor": {},
  "dependencies": {
    "basePackages": {
      "semantic-ui": {}
    },
    "packages": {
      "semantic-ui": {
        "git": "https://github.com/nooitaf/meteor-semantic-ui.git",
        "tag": "v0.19.0",
        "commit": "23ddf7b58db125cc33d0d95d58fcac940f262481"
      }
    }
  }
}
